
Microsoft Visual Studio Solution File, Format Version 12.00
# Visual Studio Version 17
VisualStudioVersion = 17.5.33414.496
MinimumVisualStudioVersion = 10.0.40219.1
Project("{FAE04EC0-301F-11D3-BF4B-00C04F79EFBC}") = "OperacionesBasicas2", "OperacionesBasicas2\OperacionesBasicas2.csproj", "{2586F717-C477-4FCF-8CB6-E555F565DA2E}"
EndProject
Global
	GlobalSection(SolutionConfigurationPlatforms) = preSolution
		Debug|Any CPU = Debug|Any CPU
		Release|Any CPU = Release|Any CPU
	EndGlobalSection
	GlobalSection(ProjectConfigurationPlatforms) = postSolution
		{2586F717-C477-4FCF-8CB6-E555F565DA2E}.Debug|Any CPU.ActiveCfg = Debug|Any CPU
		{2586F717-C477-4FCF-8CB6-E555F565DA2E}.Debug|Any CPU.Build.0 = Debug|Any CPU
		{2586F717-C477-4FCF-8CB6-E555F565DA2E}.Release|Any CPU.ActiveCfg = Release|Any CPU
		{2586F717-C477-4FCF-8CB6-E555F565DA2E}.Release|Any CPU.Build.0 = Release|Any CPU
	EndGlobalSection
	GlobalSection(SolutionProperties) = preSolution
		HideSolutionNode = FALSE
	EndGlobalSection
	GlobalSection(ExtensibilityGlobals) = postSolution
		SolutionGuid = {C65B4F0D-5752-4DAE-BE73-6D035C771DA4}
	EndGlobalSection
EndGlobal
